
Microsoft Visual Studio Solution File, Format Version 12.00
# Visual Studio 15
VisualStudioVersion = 15.0.26730.15
MinimumVisualStudioVersion = 10.0.40219.1
Project("{9A19103F-16F7-4668-BE54-9A1E7A4F7556}") = "WordCount", "WordCount.csproj", "{21672124-72B4-493B-A765-00CF62731451}"
EndProject
Global
	GlobalSection(SolutionConfigurationPlatforms) = preSolution
		Debug|Any CPU = Debug|Any CPU
		Release|Any CPU = Release|Any CPU
	EndGlobalSection
	GlobalSection(ProjectConfigurationPlatforms) = postSolution
		{21672124-72B4-493B-A765-00CF62731451}.Debug|Any CPU.ActiveCfg = Debug|Any CPU
		{21672124-72B4-493B-A765-00CF62731451}.Debug|Any CPU.Build.0 = Debug|Any CPU
		{21672124-72B4-493B-A765-00CF62731451}.Release|Any CPU.ActiveCfg = Release|Any CPU
		{21672124-72B4-493B-A765-00CF62731451}.Release|Any CPU.Build.0 = Release|Any CPU
	EndGlobalSection
	GlobalSection(SolutionProperties) = preSolution
		HideSolutionNode = FALSE
	EndGlobalSection
	GlobalSection(ExtensibilityGlobals) = postSolution
		SolutionGuid = {37E21D10-E75C-4A99-B31A-D7F81EAEFBBD}
	EndGlobalSection
EndGlobal
